Microsoft Visual Studio Solution File, Format Version 10.00
# Visual Studio 2008
Project("{8BC9CEB8-8B4A-11D0-8D11-00A0C91BC942}") = "ALL_BUILD", ".\ALL_BUILD.vcproj", "{679C20F8-655B-44B7-9072-540A6534E2C4}"
	ProjectSection(ProjectDependencies) = postProject
		{CA0E77D3-E072-4E5B-AAF0-D43D6A395B86} = {CA0E77D3-E072-4E5B-AAF0-D43D6A395B86}
		{D1963D91-960D-4C1E-AFE2-F55E5E2449FA} = {D1963D91-960D-4C1E-AFE2-F55E5E2449FA}
		{F372D72B-B171-4178-877F-B9E3C7DA65B9} = {F372D72B-B171-4178-877F-B9E3C7DA65B9}
		{F204C461-3953-4B46-AD57-20C180761E4B} = {F204C461-3953-4B46-AD57-20C180761E4B}
		{8D2D60C2-CB4B-40B6-86FE-F4602F9B31A9} = {8D2D60C2-CB4B-40B6-86FE-F4602F9B31A9}
		{E1E68E36-3C11-4DD9-873E-59CDB3EF40E5} = {E1E68E36-3C11-4DD9-873E-59CDB3EF40E5}
	EndProjectSection
EndProject
Project("{8BC9CEB8-8B4A-11D0-8D11-00A0C91BC942}") = "ZERO_CHECK", ".\ZERO_CHECK.vcproj", "{CA0E77D3-E072-4E5B-AAF0-D43D6A395B86}"
	ProjectSection(ProjectDependencies) = postProject
	EndProjectSection
EndProject
Project("{8BC9CEB8-8B4A-11D0-8D11-00A0C91BC942}") = "datTest", "tests\datTest.vcproj", "{D1963D91-960D-4C1E-AFE2-F55E5E2449FA}"
	ProjectSection(ProjectDependencies) = postProject
		{E1E68E36-3C11-4DD9-873E-59CDB3EF40E5} = {E1E68E36-3C11-4DD9-873E-59CDB3EF40E5}
		{CA0E77D3-E072-4E5B-AAF0-D43D6A395B86} = {CA0E77D3-E072-4E5B-AAF0-D43D6A395B86}
	EndProjectSection
EndProject
Project("{8BC9CEB8-8B4A-11D0-8D11-00A0C91BC942}") = "hdrTest", "tests\hdrTest.vcproj", "{F372D72B-B171-4178-877F-B9E3C7DA65B9}"
	ProjectSection(ProjectDependencies) = postProject
		{E1E68E36-3C11-4DD9-873E-59CDB3EF40E5} = {E1E68E36-3C11-4DD9-873E-59CDB3EF40E5}
		{CA0E77D3-E072-4E5B-AAF0-D43D6A395B86} = {CA0E77D3-E072-4E5B-AAF0-D43D6A395B86}
	EndProjectSection
EndProject
Project("{8BC9CEB8-8B4A-11D0-8D11-00A0C91BC942}") = "mappackTest", "tests\mappackTest.vcproj", "{F204C461-3953-4B46-AD57-20C180761E4B}"
	ProjectSection(ProjectDependencies) = postProject
		{E1E68E36-3C11-4DD9-873E-59CDB3EF40E5} = {E1E68E36-3C11-4DD9-873E-59CDB3EF40E5}
		{CA0E77D3-E072-4E5B-AAF0-D43D6A395B86} = {CA0E77D3-E072-4E5B-AAF0-D43D6A395B86}
	EndProjectSection
EndProject
Project("{8BC9CEB8-8B4A-11D0-8D11-00A0C91BC942}") = "objectsTest", "tests\objectsTest.vcproj", "{8D2D60C2-CB4B-40B6-86FE-F4602F9B31A9}"
	ProjectSection(ProjectDependencies) = postProject
		{E1E68E36-3C11-4DD9-873E-59CDB3EF40E5} = {E1E68E36-3C11-4DD9-873E-59CDB3EF40E5}
		{CA0E77D3-E072-4E5B-AAF0-D43D6A395B86} = {CA0E77D3-E072-4E5B-AAF0-D43D6A395B86}
	EndProjectSection
EndProject
Project("{8BC9CEB8-8B4A-11D0-8D11-00A0C91BC942}") = "poplib", ".\poplib.vcproj", "{E1E68E36-3C11-4DD9-873E-59CDB3EF40E5}"
	ProjectSection(ProjectDependencies) = postProject
		{CA0E77D3-E072-4E5B-AAF0-D43D6A395B86} = {CA0E77D3-E072-4E5B-AAF0-D43D6A395B86}
	EndProjectSection
EndProject
Global
	GlobalSection(SolutionConfigurationPlatforms) = preSolution
		Debug|Win32 = Debug|Win32
		Release|Win32 = Release|Win32
		MinSizeRel|Win32 = MinSizeRel|Win32
		RelWithDebInfo|Win32 = RelWithDebInfo|Win32
	EndGlobalSection
	GlobalSection(ProjectConfigurationPlatforms) = postSolution
		{679C20F8-655B-44B7-9072-540A6534E2C4}.Debug|Win32.ActiveCfg = Debug|Win32
		{679C20F8-655B-44B7-9072-540A6534E2C4}.Release|Win32.ActiveCfg = Release|Win32
		{679C20F8-655B-44B7-9072-540A6534E2C4}.MinSizeRel|Win32.ActiveCfg = MinSizeRel|Win32
		{679C20F8-655B-44B7-9072-540A6534E2C4}.RelWithDebInfo|Win32.ActiveCfg = RelWithDebInfo|Win32
		{CA0E77D3-E072-4E5B-AAF0-D43D6A395B86}.Debug|Win32.ActiveCfg = Debug|Win32
		{CA0E77D3-E072-4E5B-AAF0-D43D6A395B86}.Debug|Win32.Build.0 = Debug|Win32
		{CA0E77D3-E072-4E5B-AAF0-D43D6A395B86}.Release|Win32.ActiveCfg = Release|Win32
		{CA0E77D3-E072-4E5B-AAF0-D43D6A395B86}.Release|Win32.Build.0 = Release|Win32
		{CA0E77D3-E072-4E5B-AAF0-D43D6A395B86}.MinSizeRel|Win32.ActiveCfg = MinSizeRel|Win32
		{CA0E77D3-E072-4E5B-AAF0-D43D6A395B86}.MinSizeRel|Win32.Build.0 = MinSizeRel|Win32
		{CA0E77D3-E072-4E5B-AAF0-D43D6A395B86}.RelWithDebInfo|Win32.ActiveCfg = RelWithDebInfo|Win32
		{CA0E77D3-E072-4E5B-AAF0-D43D6A395B86}.RelWithDebInfo|Win32.Build.0 = RelWithDebInfo|Win32
		{D1963D91-960D-4C1E-AFE2-F55E5E2449FA}.Debug|Win32.ActiveCfg = Debug|Win32
		{D1963D91-960D-4C1E-AFE2-F55E5E2449FA}.Debug|Win32.Build.0 = Debug|Win32
		{D1963D91-960D-4C1E-AFE2-F55E5E2449FA}.Release|Win32.ActiveCfg = Release|Win32
		{D1963D91-960D-4C1E-AFE2-F55E5E2449FA}.Release|Win32.Build.0 = Release|Win32
		{D1963D91-960D-4C1E-AFE2-F55E5E2449FA}.MinSizeRel|Win32.ActiveCfg = MinSizeRel|Win32
		{D1963D91-960D-4C1E-AFE2-F55E5E2449FA}.MinSizeRel|Win32.Build.0 = MinSizeRel|Win32
		{D1963D91-960D-4C1E-AFE2-F55E5E2449FA}.RelWithDebInfo|Win32.ActiveCfg = RelWithDebInfo|Win32
		{D1963D91-960D-4C1E-AFE2-F55E5E2449FA}.RelWithDebInfo|Win32.Build.0 = RelWithDebInfo|Win32
		{F372D72B-B171-4178-877F-B9E3C7DA65B9}.Debug|Win32.ActiveCfg = Debug|Win32
		{F372D72B-B171-4178-877F-B9E3C7DA65B9}.Debug|Win32.Build.0 = Debug|Win32
		{F372D72B-B171-4178-877F-B9E3C7DA65B9}.Release|Win32.ActiveCfg = Release|Win32
		{F372D72B-B171-4178-877F-B9E3C7DA65B9}.Release|Win32.Build.0 = Release|Win32
		{F372D72B-B171-4178-877F-B9E3C7DA65B9}.MinSizeRel|Win32.ActiveCfg = MinSizeRel|Win32
		{F372D72B-B171-4178-877F-B9E3C7DA65B9}.MinSizeRel|Win32.Build.0 = MinSizeRel|Win32
		{F372D72B-B171-4178-877F-B9E3C7DA65B9}.RelWithDebInfo|Win32.ActiveCfg = RelWithDebInfo|Win32
		{F372D72B-B171-4178-877F-B9E3C7DA65B9}.RelWithDebInfo|Win32.Build.0 = RelWithDebInfo|Win32
		{F204C461-3953-4B46-AD57-20C180761E4B}.Debug|Win32.ActiveCfg = Debug|Win32
		{F204C461-3953-4B46-AD57-20C180761E4B}.Debug|Win32.Build.0 = Debug|Win32
		{F204C461-3953-4B46-AD57-20C180761E4B}.Release|Win32.ActiveCfg = Release|Win32
		{F204C461-3953-4B46-AD57-20C180761E4B}.Release|Win32.Build.0 = Release|Win32
		{F204C461-3953-4B46-AD57-20C180761E4B}.MinSizeRel|Win32.ActiveCfg = MinSizeRel|Win32
		{F204C461-3953-4B46-AD57-20C180761E4B}.MinSizeRel|Win32.Build.0 = MinSizeRel|Win32
		{F204C461-3953-4B46-AD57-20C180761E4B}.RelWithDebInfo|Win32.ActiveCfg = RelWithDebInfo|Win32
		{F204C461-3953-4B46-AD57-20C180761E4B}.RelWithDebInfo|Win32.Build.0 = RelWithDebInfo|Win32
		{8D2D60C2-CB4B-40B6-86FE-F4602F9B31A9}.Debug|Win32.ActiveCfg = Debug|Win32
		{8D2D60C2-CB4B-40B6-86FE-F4602F9B31A9}.Debug|Win32.Build.0 = Debug|Win32
		{8D2D60C2-CB4B-40B6-86FE-F4602F9B31A9}.Release|Win32.ActiveCfg = Release|Win32
		{8D2D60C2-CB4B-40B6-86FE-F4602F9B31A9}.Release|Win32.Build.0 = Release|Win32
		{8D2D60C2-CB4B-40B6-86FE-F4602F9B31A9}.MinSizeRel|Win32.ActiveCfg = MinSizeRel|Win32
		{8D2D60C2-CB4B-40B6-86FE-F4602F9B31A9}.MinSizeRel|Win32.Build.0 = MinSizeRel|Win32
		{8D2D60C2-CB4B-40B6-86FE-F4602F9B31A9}.RelWithDebInfo|Win32.ActiveCfg = RelWithDebInfo|Win32
		{8D2D60C2-CB4B-40B6-86FE-F4602F9B31A9}.RelWithDebInfo|Win32.Build.0 = RelWithDebInfo|Win32
		{E1E68E36-3C11-4DD9-873E-59CDB3EF40E5}.Debug|Win32.ActiveCfg = Debug|Win32
		{E1E68E36-3C11-4DD9-873E-59CDB3EF40E5}.Debug|Win32.Build.0 = Debug|Win32
		{E1E68E36-3C11-4DD9-873E-59CDB3EF40E5}.Release|Win32.ActiveCfg = Release|Win32
		{E1E68E36-3C11-4DD9-873E-59CDB3EF40E5}.Release|Win32.Build.0 = Release|Win32
		{E1E68E36-3C11-4DD9-873E-59CDB3EF40E5}.MinSizeRel|Win32.ActiveCfg = MinSizeRel|Win32
		{E1E68E36-3C11-4DD9-873E-59CDB3EF40E5}.MinSizeRel|Win32.Build.0 = MinSizeRel|Win32
		{E1E68E36-3C11-4DD9-873E-59CDB3EF40E5}.RelWithDebInfo|Win32.ActiveCfg = RelWithDebInfo|Win32
		{E1E68E36-3C11-4DD9-873E-59CDB3EF40E5}.RelWithDebInfo|Win32.Build.0 = RelWithDebInfo|Win32
	EndGlobalSection
	GlobalSection(ExtensibilityGlobals) = postSolution
	EndGlobalSection
	GlobalSection(ExtensibilityAddIns) = postSolution
	EndGlobalSection
EndGlobal
