Microsoft Visual Studio Solution File, Format Version 10.00
# Visual Studio 2008
Project("{8BC9CEB8-8B4A-11D0-8D11-00A0C91BC942}") = "ALL_BUILD", ".\ALL_BUILD.vcproj", "{54187DA2-DD1E-4B33-A74E-C84060F6BC16}"
	ProjectSection(ProjectDependencies) = postProject
		{A664D17E-4C98-4CFE-94D8-47F1610F60BB} = {A664D17E-4C98-4CFE-94D8-47F1610F60BB}
		{BC1EBBB7-204E-4D18-91E8-6F7C81688A1E} = {BC1EBBB7-204E-4D18-91E8-6F7C81688A1E}
		{29ED0D46-2494-420F-8C13-230EF4F87F71} = {29ED0D46-2494-420F-8C13-230EF4F87F71}
		{BCDCA36D-EB06-45E9-A11B-BD7D8B63E2C1} = {BCDCA36D-EB06-45E9-A11B-BD7D8B63E2C1}
		{1AED2F39-BC8D-45BA-8249-BA0F5863BBA1} = {1AED2F39-BC8D-45BA-8249-BA0F5863BBA1}
		{421497D6-9B9E-4719-8191-0F87B4279CD7} = {421497D6-9B9E-4719-8191-0F87B4279CD7}
	EndProjectSection
EndProject
Project("{8BC9CEB8-8B4A-11D0-8D11-00A0C91BC942}") = "ZERO_CHECK", ".\ZERO_CHECK.vcproj", "{A664D17E-4C98-4CFE-94D8-47F1610F60BB}"
	ProjectSection(ProjectDependencies) = postProject
	EndProjectSection
EndProject
Project("{8BC9CEB8-8B4A-11D0-8D11-00A0C91BC942}") = "datTest", "tests\datTest.vcproj", "{BC1EBBB7-204E-4D18-91E8-6F7C81688A1E}"
	ProjectSection(ProjectDependencies) = postProject
		{421497D6-9B9E-4719-8191-0F87B4279CD7} = {421497D6-9B9E-4719-8191-0F87B4279CD7}
		{A664D17E-4C98-4CFE-94D8-47F1610F60BB} = {A664D17E-4C98-4CFE-94D8-47F1610F60BB}
	EndProjectSection
EndProject
Project("{8BC9CEB8-8B4A-11D0-8D11-00A0C91BC942}") = "hdrTest", "tests\hdrTest.vcproj", "{29ED0D46-2494-420F-8C13-230EF4F87F71}"
	ProjectSection(ProjectDependencies) = postProject
		{421497D6-9B9E-4719-8191-0F87B4279CD7} = {421497D6-9B9E-4719-8191-0F87B4279CD7}
		{A664D17E-4C98-4CFE-94D8-47F1610F60BB} = {A664D17E-4C98-4CFE-94D8-47F1610F60BB}
	EndProjectSection
EndProject
Project("{8BC9CEB8-8B4A-11D0-8D11-00A0C91BC942}") = "mappackTest", "tests\mappackTest.vcproj", "{BCDCA36D-EB06-45E9-A11B-BD7D8B63E2C1}"
	ProjectSection(ProjectDependencies) = postProject
		{421497D6-9B9E-4719-8191-0F87B4279CD7} = {421497D6-9B9E-4719-8191-0F87B4279CD7}
		{A664D17E-4C98-4CFE-94D8-47F1610F60BB} = {A664D17E-4C98-4CFE-94D8-47F1610F60BB}
	EndProjectSection
EndProject
Project("{8BC9CEB8-8B4A-11D0-8D11-00A0C91BC942}") = "objectsTest", "tests\objectsTest.vcproj", "{1AED2F39-BC8D-45BA-8249-BA0F5863BBA1}"
	ProjectSection(ProjectDependencies) = postProject
		{421497D6-9B9E-4719-8191-0F87B4279CD7} = {421497D6-9B9E-4719-8191-0F87B4279CD7}
		{A664D17E-4C98-4CFE-94D8-47F1610F60BB} = {A664D17E-4C98-4CFE-94D8-47F1610F60BB}
	EndProjectSection
EndProject
Project("{8BC9CEB8-8B4A-11D0-8D11-00A0C91BC942}") = "poplib", ".\poplib.vcproj", "{421497D6-9B9E-4719-8191-0F87B4279CD7}"
	ProjectSection(ProjectDependencies) = postProject
		{A664D17E-4C98-4CFE-94D8-47F1610F60BB} = {A664D17E-4C98-4CFE-94D8-47F1610F60BB}
	EndProjectSection
EndProject
Global
	GlobalSection(SolutionConfigurationPlatforms) = preSolution
		Debug|Win32 = Debug|Win32
		Release|Win32 = Release|Win32
		MinSizeRel|Win32 = MinSizeRel|Win32
		RelWithDebInfo|Win32 = RelWithDebInfo|Win32
	EndGlobalSection
	GlobalSection(ProjectConfigurationPlatforms) = postSolution
		{54187DA2-DD1E-4B33-A74E-C84060F6BC16}.Debug|Win32.ActiveCfg = Debug|Win32
		{54187DA2-DD1E-4B33-A74E-C84060F6BC16}.Release|Win32.ActiveCfg = Release|Win32
		{54187DA2-DD1E-4B33-A74E-C84060F6BC16}.MinSizeRel|Win32.ActiveCfg = MinSizeRel|Win32
		{54187DA2-DD1E-4B33-A74E-C84060F6BC16}.RelWithDebInfo|Win32.ActiveCfg = RelWithDebInfo|Win32
		{A664D17E-4C98-4CFE-94D8-47F1610F60BB}.Debug|Win32.ActiveCfg = Debug|Win32
		{A664D17E-4C98-4CFE-94D8-47F1610F60BB}.Debug|Win32.Build.0 = Debug|Win32
		{A664D17E-4C98-4CFE-94D8-47F1610F60BB}.Release|Win32.ActiveCfg = Release|Win32
		{A664D17E-4C98-4CFE-94D8-47F1610F60BB}.Release|Win32.Build.0 = Release|Win32
		{A664D17E-4C98-4CFE-94D8-47F1610F60BB}.MinSizeRel|Win32.ActiveCfg = MinSizeRel|Win32
		{A664D17E-4C98-4CFE-94D8-47F1610F60BB}.MinSizeRel|Win32.Build.0 = MinSizeRel|Win32
		{A664D17E-4C98-4CFE-94D8-47F1610F60BB}.RelWithDebInfo|Win32.ActiveCfg = RelWithDebInfo|Win32
		{A664D17E-4C98-4CFE-94D8-47F1610F60BB}.RelWithDebInfo|Win32.Build.0 = RelWithDebInfo|Win32
		{BC1EBBB7-204E-4D18-91E8-6F7C81688A1E}.Debug|Win32.ActiveCfg = Debug|Win32
		{BC1EBBB7-204E-4D18-91E8-6F7C81688A1E}.Debug|Win32.Build.0 = Debug|Win32
		{BC1EBBB7-204E-4D18-91E8-6F7C81688A1E}.Release|Win32.ActiveCfg = Release|Win32
		{BC1EBBB7-204E-4D18-91E8-6F7C81688A1E}.Release|Win32.Build.0 = Release|Win32
		{BC1EBBB7-204E-4D18-91E8-6F7C81688A1E}.MinSizeRel|Win32.ActiveCfg = MinSizeRel|Win32
		{BC1EBBB7-204E-4D18-91E8-6F7C81688A1E}.MinSizeRel|Win32.Build.0 = MinSizeRel|Win32
		{BC1EBBB7-204E-4D18-91E8-6F7C81688A1E}.RelWithDebInfo|Win32.ActiveCfg = RelWithDebInfo|Win32
		{BC1EBBB7-204E-4D18-91E8-6F7C81688A1E}.RelWithDebInfo|Win32.Build.0 = RelWithDebInfo|Win32
		{29ED0D46-2494-420F-8C13-230EF4F87F71}.Debug|Win32.ActiveCfg = Debug|Win32
		{29ED0D46-2494-420F-8C13-230EF4F87F71}.Debug|Win32.Build.0 = Debug|Win32
		{29ED0D46-2494-420F-8C13-230EF4F87F71}.Release|Win32.ActiveCfg = Release|Win32
		{29ED0D46-2494-420F-8C13-230EF4F87F71}.Release|Win32.Build.0 = Release|Win32
		{29ED0D46-2494-420F-8C13-230EF4F87F71}.MinSizeRel|Win32.ActiveCfg = MinSizeRel|Win32
		{29ED0D46-2494-420F-8C13-230EF4F87F71}.MinSizeRel|Win32.Build.0 = MinSizeRel|Win32
		{29ED0D46-2494-420F-8C13-230EF4F87F71}.RelWithDebInfo|Win32.ActiveCfg = RelWithDebInfo|Win32
		{29ED0D46-2494-420F-8C13-230EF4F87F71}.RelWithDebInfo|Win32.Build.0 = RelWithDebInfo|Win32
		{BCDCA36D-EB06-45E9-A11B-BD7D8B63E2C1}.Debug|Win32.ActiveCfg = Debug|Win32
		{BCDCA36D-EB06-45E9-A11B-BD7D8B63E2C1}.Debug|Win32.Build.0 = Debug|Win32
		{BCDCA36D-EB06-45E9-A11B-BD7D8B63E2C1}.Release|Win32.ActiveCfg = Release|Win32
		{BCDCA36D-EB06-45E9-A11B-BD7D8B63E2C1}.Release|Win32.Build.0 = Release|Win32
		{BCDCA36D-EB06-45E9-A11B-BD7D8B63E2C1}.MinSizeRel|Win32.ActiveCfg = MinSizeRel|Win32
		{BCDCA36D-EB06-45E9-A11B-BD7D8B63E2C1}.MinSizeRel|Win32.Build.0 = MinSizeRel|Win32
		{BCDCA36D-EB06-45E9-A11B-BD7D8B63E2C1}.RelWithDebInfo|Win32.ActiveCfg = RelWithDebInfo|Win32
		{BCDCA36D-EB06-45E9-A11B-BD7D8B63E2C1}.RelWithDebInfo|Win32.Build.0 = RelWithDebInfo|Win32
		{1AED2F39-BC8D-45BA-8249-BA0F5863BBA1}.Debug|Win32.ActiveCfg = Debug|Win32
		{1AED2F39-BC8D-45BA-8249-BA0F5863BBA1}.Debug|Win32.Build.0 = Debug|Win32
		{1AED2F39-BC8D-45BA-8249-BA0F5863BBA1}.Release|Win32.ActiveCfg = Release|Win32
		{1AED2F39-BC8D-45BA-8249-BA0F5863BBA1}.Release|Win32.Build.0 = Release|Win32
		{1AED2F39-BC8D-45BA-8249-BA0F5863BBA1}.MinSizeRel|Win32.ActiveCfg = MinSizeRel|Win32
		{1AED2F39-BC8D-45BA-8249-BA0F5863BBA1}.MinSizeRel|Win32.Build.0 = MinSizeRel|Win32
		{1AED2F39-BC8D-45BA-8249-BA0F5863BBA1}.RelWithDebInfo|Win32.ActiveCfg = RelWithDebInfo|Win32
		{1AED2F39-BC8D-45BA-8249-BA0F5863BBA1}.RelWithDebInfo|Win32.Build.0 = RelWithDebInfo|Win32
		{421497D6-9B9E-4719-8191-0F87B4279CD7}.Debug|Win32.ActiveCfg = Debug|Win32
		{421497D6-9B9E-4719-8191-0F87B4279CD7}.Debug|Win32.Build.0 = Debug|Win32
		{421497D6-9B9E-4719-8191-0F87B4279CD7}.Release|Win32.ActiveCfg = Release|Win32
		{421497D6-9B9E-4719-8191-0F87B4279CD7}.Release|Win32.Build.0 = Release|Win32
		{421497D6-9B9E-4719-8191-0F87B4279CD7}.MinSizeRel|Win32.ActiveCfg = MinSizeRel|Win32
		{421497D6-9B9E-4719-8191-0F87B4279CD7}.MinSizeRel|Win32.Build.0 = MinSizeRel|Win32
		{421497D6-9B9E-4719-8191-0F87B4279CD7}.RelWithDebInfo|Win32.ActiveCfg = RelWithDebInfo|Win32
		{421497D6-9B9E-4719-8191-0F87B4279CD7}.RelWithDebInfo|Win32.Build.0 = RelWithDebInfo|Win32
	EndGlobalSection
	GlobalSection(ExtensibilityGlobals) = postSolution
	EndGlobalSection
	GlobalSection(ExtensibilityAddIns) = postSolution
	EndGlobalSection
EndGlobal
