Microsoft Visual Studio Solution File, Format Version 10.00
# Visual Studio 2008
Project("{8BC9CEB8-8B4A-11D0-8D11-00A0C91BC942}") = "ALL_BUILD", ".\ALL_BUILD.vcproj", "{01A23114-EDFD-4907-B65C-5ABF9A6BA83E}"
	ProjectSection(ProjectDependencies) = postProject
		{A9630D41-1533-4298-8D81-A61A9000F424} = {A9630D41-1533-4298-8D81-A61A9000F424}
		{4D65AB8D-B13B-4D95-95F0-8E0D0C7B89C9} = {4D65AB8D-B13B-4D95-95F0-8E0D0C7B89C9}
		{3A88B168-1C35-4190-BEC8-F3A5AC133F7E} = {3A88B168-1C35-4190-BEC8-F3A5AC133F7E}
		{CE61EDEE-CBF6-4CC1-9D35-25BEB733EA7E} = {CE61EDEE-CBF6-4CC1-9D35-25BEB733EA7E}
		{DA3CE40D-C230-4639-A0FE-C4167C179874} = {DA3CE40D-C230-4639-A0FE-C4167C179874}
	EndProjectSection
EndProject
Project("{8BC9CEB8-8B4A-11D0-8D11-00A0C91BC942}") = "ZERO_CHECK", ".\ZERO_CHECK.vcproj", "{A9630D41-1533-4298-8D81-A61A9000F424}"
	ProjectSection(ProjectDependencies) = postProject
	EndProjectSection
EndProject
Project("{8BC9CEB8-8B4A-11D0-8D11-00A0C91BC942}") = "datTest", "tests\datTest.vcproj", "{4D65AB8D-B13B-4D95-95F0-8E0D0C7B89C9}"
	ProjectSection(ProjectDependencies) = postProject
		{DA3CE40D-C230-4639-A0FE-C4167C179874} = {DA3CE40D-C230-4639-A0FE-C4167C179874}
		{A9630D41-1533-4298-8D81-A61A9000F424} = {A9630D41-1533-4298-8D81-A61A9000F424}
	EndProjectSection
EndProject
Project("{8BC9CEB8-8B4A-11D0-8D11-00A0C91BC942}") = "hdrTest", "tests\hdrTest.vcproj", "{3A88B168-1C35-4190-BEC8-F3A5AC133F7E}"
	ProjectSection(ProjectDependencies) = postProject
		{DA3CE40D-C230-4639-A0FE-C4167C179874} = {DA3CE40D-C230-4639-A0FE-C4167C179874}
		{A9630D41-1533-4298-8D81-A61A9000F424} = {A9630D41-1533-4298-8D81-A61A9000F424}
	EndProjectSection
EndProject
Project("{8BC9CEB8-8B4A-11D0-8D11-00A0C91BC942}") = "mappackTest", "tests\mappackTest.vcproj", "{CE61EDEE-CBF6-4CC1-9D35-25BEB733EA7E}"
	ProjectSection(ProjectDependencies) = postProject
		{DA3CE40D-C230-4639-A0FE-C4167C179874} = {DA3CE40D-C230-4639-A0FE-C4167C179874}
		{A9630D41-1533-4298-8D81-A61A9000F424} = {A9630D41-1533-4298-8D81-A61A9000F424}
	EndProjectSection
EndProject
Project("{8BC9CEB8-8B4A-11D0-8D11-00A0C91BC942}") = "poplib", ".\poplib.vcproj", "{DA3CE40D-C230-4639-A0FE-C4167C179874}"
	ProjectSection(ProjectDependencies) = postProject
		{A9630D41-1533-4298-8D81-A61A9000F424} = {A9630D41-1533-4298-8D81-A61A9000F424}
	EndProjectSection
EndProject
Global
	GlobalSection(SolutionConfigurationPlatforms) = preSolution
		Debug|Win32 = Debug|Win32
		Release|Win32 = Release|Win32
		MinSizeRel|Win32 = MinSizeRel|Win32
		RelWithDebInfo|Win32 = RelWithDebInfo|Win32
	EndGlobalSection
	GlobalSection(ProjectConfigurationPlatforms) = postSolution
		{01A23114-EDFD-4907-B65C-5ABF9A6BA83E}.Debug|Win32.ActiveCfg = Debug|Win32
		{01A23114-EDFD-4907-B65C-5ABF9A6BA83E}.Release|Win32.ActiveCfg = Release|Win32
		{01A23114-EDFD-4907-B65C-5ABF9A6BA83E}.MinSizeRel|Win32.ActiveCfg = MinSizeRel|Win32
		{01A23114-EDFD-4907-B65C-5ABF9A6BA83E}.RelWithDebInfo|Win32.ActiveCfg = RelWithDebInfo|Win32
		{A9630D41-1533-4298-8D81-A61A9000F424}.Debug|Win32.ActiveCfg = Debug|Win32
		{A9630D41-1533-4298-8D81-A61A9000F424}.Debug|Win32.Build.0 = Debug|Win32
		{A9630D41-1533-4298-8D81-A61A9000F424}.Release|Win32.ActiveCfg = Release|Win32
		{A9630D41-1533-4298-8D81-A61A9000F424}.Release|Win32.Build.0 = Release|Win32
		{A9630D41-1533-4298-8D81-A61A9000F424}.MinSizeRel|Win32.ActiveCfg = MinSizeRel|Win32
		{A9630D41-1533-4298-8D81-A61A9000F424}.MinSizeRel|Win32.Build.0 = MinSizeRel|Win32
		{A9630D41-1533-4298-8D81-A61A9000F424}.RelWithDebInfo|Win32.ActiveCfg = RelWithDebInfo|Win32
		{A9630D41-1533-4298-8D81-A61A9000F424}.RelWithDebInfo|Win32.Build.0 = RelWithDebInfo|Win32
		{4D65AB8D-B13B-4D95-95F0-8E0D0C7B89C9}.Debug|Win32.ActiveCfg = Debug|Win32
		{4D65AB8D-B13B-4D95-95F0-8E0D0C7B89C9}.Debug|Win32.Build.0 = Debug|Win32
		{4D65AB8D-B13B-4D95-95F0-8E0D0C7B89C9}.Release|Win32.ActiveCfg = Release|Win32
		{4D65AB8D-B13B-4D95-95F0-8E0D0C7B89C9}.Release|Win32.Build.0 = Release|Win32
		{4D65AB8D-B13B-4D95-95F0-8E0D0C7B89C9}.MinSizeRel|Win32.ActiveCfg = MinSizeRel|Win32
		{4D65AB8D-B13B-4D95-95F0-8E0D0C7B89C9}.MinSizeRel|Win32.Build.0 = MinSizeRel|Win32
		{4D65AB8D-B13B-4D95-95F0-8E0D0C7B89C9}.RelWithDebInfo|Win32.ActiveCfg = RelWithDebInfo|Win32
		{4D65AB8D-B13B-4D95-95F0-8E0D0C7B89C9}.RelWithDebInfo|Win32.Build.0 = RelWithDebInfo|Win32
		{3A88B168-1C35-4190-BEC8-F3A5AC133F7E}.Debug|Win32.ActiveCfg = Debug|Win32
		{3A88B168-1C35-4190-BEC8-F3A5AC133F7E}.Debug|Win32.Build.0 = Debug|Win32
		{3A88B168-1C35-4190-BEC8-F3A5AC133F7E}.Release|Win32.ActiveCfg = Release|Win32
		{3A88B168-1C35-4190-BEC8-F3A5AC133F7E}.Release|Win32.Build.0 = Release|Win32
		{3A88B168-1C35-4190-BEC8-F3A5AC133F7E}.MinSizeRel|Win32.ActiveCfg = MinSizeRel|Win32
		{3A88B168-1C35-4190-BEC8-F3A5AC133F7E}.MinSizeRel|Win32.Build.0 = MinSizeRel|Win32
		{3A88B168-1C35-4190-BEC8-F3A5AC133F7E}.RelWithDebInfo|Win32.ActiveCfg = RelWithDebInfo|Win32
		{3A88B168-1C35-4190-BEC8-F3A5AC133F7E}.RelWithDebInfo|Win32.Build.0 = RelWithDebInfo|Win32
		{CE61EDEE-CBF6-4CC1-9D35-25BEB733EA7E}.Debug|Win32.ActiveCfg = Debug|Win32
		{CE61EDEE-CBF6-4CC1-9D35-25BEB733EA7E}.Debug|Win32.Build.0 = Debug|Win32
		{CE61EDEE-CBF6-4CC1-9D35-25BEB733EA7E}.Release|Win32.ActiveCfg = Release|Win32
		{CE61EDEE-CBF6-4CC1-9D35-25BEB733EA7E}.Release|Win32.Build.0 = Release|Win32
		{CE61EDEE-CBF6-4CC1-9D35-25BEB733EA7E}.MinSizeRel|Win32.ActiveCfg = MinSizeRel|Win32
		{CE61EDEE-CBF6-4CC1-9D35-25BEB733EA7E}.MinSizeRel|Win32.Build.0 = MinSizeRel|Win32
		{CE61EDEE-CBF6-4CC1-9D35-25BEB733EA7E}.RelWithDebInfo|Win32.ActiveCfg = RelWithDebInfo|Win32
		{CE61EDEE-CBF6-4CC1-9D35-25BEB733EA7E}.RelWithDebInfo|Win32.Build.0 = RelWithDebInfo|Win32
		{DA3CE40D-C230-4639-A0FE-C4167C179874}.Debug|Win32.ActiveCfg = Debug|Win32
		{DA3CE40D-C230-4639-A0FE-C4167C179874}.Debug|Win32.Build.0 = Debug|Win32
		{DA3CE40D-C230-4639-A0FE-C4167C179874}.Release|Win32.ActiveCfg = Release|Win32
		{DA3CE40D-C230-4639-A0FE-C4167C179874}.Release|Win32.Build.0 = Release|Win32
		{DA3CE40D-C230-4639-A0FE-C4167C179874}.MinSizeRel|Win32.ActiveCfg = MinSizeRel|Win32
		{DA3CE40D-C230-4639-A0FE-C4167C179874}.MinSizeRel|Win32.Build.0 = MinSizeRel|Win32
		{DA3CE40D-C230-4639-A0FE-C4167C179874}.RelWithDebInfo|Win32.ActiveCfg = RelWithDebInfo|Win32
		{DA3CE40D-C230-4639-A0FE-C4167C179874}.RelWithDebInfo|Win32.Build.0 = RelWithDebInfo|Win32
	EndGlobalSection
	GlobalSection(ExtensibilityGlobals) = postSolution
	EndGlobalSection
	GlobalSection(ExtensibilityAddIns) = postSolution
	EndGlobalSection
EndGlobal
