<?xml version="1.0" encoding="utf-8"?>
<Project ToolsVersion="4.0" xmlns="http://schemas.microsoft.com/developer/msbuild/2003">
  <ItemGroup>
    <ClCompile Include="src\StrUtil.cpp">
      <Filter>Source Files</Filter>
    </ClCompile>
    <ClCompile Include="src\UTFConversion.cpp">
      <Filter>Source Files</Filter>
    </ClCompile>
    <ClCompile Include="src\String16.cpp">
      <Filter>Source Files</Filter>
    </ClCompile>
    <ClCompile Include="src\MapObjGeneric.cpp">
      <Filter>Source Files</Filter>
    </ClCompile>
    <ClCompile Include="src\MapDat.cpp">
      <Filter>Source Files</Filter>
    </ClCompile>
    <ClCompile Include="src\MapHeader.cpp">
      <Filter>Source Files</Filter>
    </ClCompile>
    <ClCompile Include="src\Map.cpp">
      <Filter>Source Files</Filter>
    </ClCompile>
    <ClCompile Include="src\MapLand.cpp">
      <Filter>Source Files</Filter>
    </ClCompile>
    <ClCompile Include="src\Ip.cpp">
      <Filter>Source Files</Filter>
    </ClCompile>
    <ClCompile Include="src\PopGame.cpp">
      <Filter>Source Files</Filter>
    </ClCompile>
    <ClCompile Include="src\MappackMap.cpp">
      <Filter>Source Files</Filter>
    </ClCompile>
    <ClCompile Include="src\Mappack.cpp">
      <Filter>Source Files</Filter>
    </ClCompile>
    <ClCompile Include="src\systemUtils\Dir.cpp">
      <Filter>Source Files</Filter>
    </ClCompile>
    <ClCompile Include="src\systemUtils\File.cpp">
      <Filter>Source Files</Filter>
    </ClCompile>
  </ItemGroup>
  <ItemGroup>
  </ItemGroup>
  <ItemGroup>
    <CustomBuild Include="CMakeLists.txt" />
  </ItemGroup>
  <ItemGroup>
    <Filter Include="Source Files">
      <UniqueIdentifier>{FC68F371-7307-4F33-819D-34FC73D4FCC5}</UniqueIdentifier>
    </Filter>
  </ItemGroup>
  <ItemGroup>
  </ItemGroup>
</Project>
