Microsoft Visual Studio Solution File, Format Version 11.00
# Visual Studio 2010
Project("{8BC9CEB8-8B4A-11D0-8D11-00A0C91BC942}") = "ALL_BUILD", ".\ALL_BUILD.vcxproj", "{AD423B87-FD3C-4119-8EA3-A71ADB8FFBDB}"
	ProjectSection(ProjectDependencies) = postProject
		{81088B9B-DFEF-4693-A9E5-C734D92145D3} = {81088B9B-DFEF-4693-A9E5-C734D92145D3}
		{1BBE5D2E-13D1-46C2-9D8E-281A037C26B3} = {1BBE5D2E-13D1-46C2-9D8E-281A037C26B3}
		{8B933D6E-BC1B-4242-B6A5-3EE346FEE352} = {8B933D6E-BC1B-4242-B6A5-3EE346FEE352}
		{8861DB89-2FD0-4070-90CC-C232D9BCAB3D} = {8861DB89-2FD0-4070-90CC-C232D9BCAB3D}
		{4961804F-059E-4DF2-9921-09E94D7AA271} = {4961804F-059E-4DF2-9921-09E94D7AA271}
		{48FD96B9-103B-44D5-BFF0-1BE6F71C93AD} = {48FD96B9-103B-44D5-BFF0-1BE6F71C93AD}
	EndProjectSection
EndProject
Project("{8BC9CEB8-8B4A-11D0-8D11-00A0C91BC942}") = "ZERO_CHECK", ".\ZERO_CHECK.vcxproj", "{81088B9B-DFEF-4693-A9E5-C734D92145D3}"
	ProjectSection(ProjectDependencies) = postProject
	EndProjectSection
EndProject
Project("{8BC9CEB8-8B4A-11D0-8D11-00A0C91BC942}") = "datTest", "tests\datTest.vcxproj", "{1BBE5D2E-13D1-46C2-9D8E-281A037C26B3}"
	ProjectSection(ProjectDependencies) = postProject
		{81088B9B-DFEF-4693-A9E5-C734D92145D3} = {81088B9B-DFEF-4693-A9E5-C734D92145D3}
		{48FD96B9-103B-44D5-BFF0-1BE6F71C93AD} = {48FD96B9-103B-44D5-BFF0-1BE6F71C93AD}
	EndProjectSection
EndProject
Project("{8BC9CEB8-8B4A-11D0-8D11-00A0C91BC942}") = "hdrTest", "tests\hdrTest.vcxproj", "{8B933D6E-BC1B-4242-B6A5-3EE346FEE352}"
	ProjectSection(ProjectDependencies) = postProject
		{81088B9B-DFEF-4693-A9E5-C734D92145D3} = {81088B9B-DFEF-4693-A9E5-C734D92145D3}
		{48FD96B9-103B-44D5-BFF0-1BE6F71C93AD} = {48FD96B9-103B-44D5-BFF0-1BE6F71C93AD}
	EndProjectSection
EndProject
Project("{8BC9CEB8-8B4A-11D0-8D11-00A0C91BC942}") = "mappackTest", "tests\mappackTest.vcxproj", "{8861DB89-2FD0-4070-90CC-C232D9BCAB3D}"
	ProjectSection(ProjectDependencies) = postProject
		{81088B9B-DFEF-4693-A9E5-C734D92145D3} = {81088B9B-DFEF-4693-A9E5-C734D92145D3}
		{48FD96B9-103B-44D5-BFF0-1BE6F71C93AD} = {48FD96B9-103B-44D5-BFF0-1BE6F71C93AD}
	EndProjectSection
EndProject
Project("{8BC9CEB8-8B4A-11D0-8D11-00A0C91BC942}") = "objectsTest", "tests\objectsTest.vcxproj", "{4961804F-059E-4DF2-9921-09E94D7AA271}"
	ProjectSection(ProjectDependencies) = postProject
		{81088B9B-DFEF-4693-A9E5-C734D92145D3} = {81088B9B-DFEF-4693-A9E5-C734D92145D3}
		{48FD96B9-103B-44D5-BFF0-1BE6F71C93AD} = {48FD96B9-103B-44D5-BFF0-1BE6F71C93AD}
	EndProjectSection
EndProject
Project("{8BC9CEB8-8B4A-11D0-8D11-00A0C91BC942}") = "poplib", ".\poplib.vcxproj", "{48FD96B9-103B-44D5-BFF0-1BE6F71C93AD}"
	ProjectSection(ProjectDependencies) = postProject
		{81088B9B-DFEF-4693-A9E5-C734D92145D3} = {81088B9B-DFEF-4693-A9E5-C734D92145D3}
	EndProjectSection
EndProject
Global
	GlobalSection(SolutionConfigurationPlatforms) = preSolution
		Debug|Win32 = Debug|Win32
		Release|Win32 = Release|Win32
		MinSizeRel|Win32 = MinSizeRel|Win32
		RelWithDebInfo|Win32 = RelWithDebInfo|Win32
	EndGlobalSection
	GlobalSection(ProjectConfigurationPlatforms) = postSolution
		{AD423B87-FD3C-4119-8EA3-A71ADB8FFBDB}.Debug|Win32.ActiveCfg = Debug|Win32
		{AD423B87-FD3C-4119-8EA3-A71ADB8FFBDB}.Release|Win32.ActiveCfg = Release|Win32
		{AD423B87-FD3C-4119-8EA3-A71ADB8FFBDB}.MinSizeRel|Win32.ActiveCfg = MinSizeRel|Win32
		{AD423B87-FD3C-4119-8EA3-A71ADB8FFBDB}.RelWithDebInfo|Win32.ActiveCfg = RelWithDebInfo|Win32
		{81088B9B-DFEF-4693-A9E5-C734D92145D3}.Debug|Win32.ActiveCfg = Debug|Win32
		{81088B9B-DFEF-4693-A9E5-C734D92145D3}.Debug|Win32.Build.0 = Debug|Win32
		{81088B9B-DFEF-4693-A9E5-C734D92145D3}.Release|Win32.ActiveCfg = Release|Win32
		{81088B9B-DFEF-4693-A9E5-C734D92145D3}.Release|Win32.Build.0 = Release|Win32
		{81088B9B-DFEF-4693-A9E5-C734D92145D3}.MinSizeRel|Win32.ActiveCfg = MinSizeRel|Win32
		{81088B9B-DFEF-4693-A9E5-C734D92145D3}.MinSizeRel|Win32.Build.0 = MinSizeRel|Win32
		{81088B9B-DFEF-4693-A9E5-C734D92145D3}.RelWithDebInfo|Win32.ActiveCfg = RelWithDebInfo|Win32
		{81088B9B-DFEF-4693-A9E5-C734D92145D3}.RelWithDebInfo|Win32.Build.0 = RelWithDebInfo|Win32
		{1BBE5D2E-13D1-46C2-9D8E-281A037C26B3}.Debug|Win32.ActiveCfg = Debug|Win32
		{1BBE5D2E-13D1-46C2-9D8E-281A037C26B3}.Debug|Win32.Build.0 = Debug|Win32
		{1BBE5D2E-13D1-46C2-9D8E-281A037C26B3}.Release|Win32.ActiveCfg = Release|Win32
		{1BBE5D2E-13D1-46C2-9D8E-281A037C26B3}.Release|Win32.Build.0 = Release|Win32
		{1BBE5D2E-13D1-46C2-9D8E-281A037C26B3}.MinSizeRel|Win32.ActiveCfg = MinSizeRel|Win32
		{1BBE5D2E-13D1-46C2-9D8E-281A037C26B3}.MinSizeRel|Win32.Build.0 = MinSizeRel|Win32
		{1BBE5D2E-13D1-46C2-9D8E-281A037C26B3}.RelWithDebInfo|Win32.ActiveCfg = RelWithDebInfo|Win32
		{1BBE5D2E-13D1-46C2-9D8E-281A037C26B3}.RelWithDebInfo|Win32.Build.0 = RelWithDebInfo|Win32
		{8B933D6E-BC1B-4242-B6A5-3EE346FEE352}.Debug|Win32.ActiveCfg = Debug|Win32
		{8B933D6E-BC1B-4242-B6A5-3EE346FEE352}.Debug|Win32.Build.0 = Debug|Win32
		{8B933D6E-BC1B-4242-B6A5-3EE346FEE352}.Release|Win32.ActiveCfg = Release|Win32
		{8B933D6E-BC1B-4242-B6A5-3EE346FEE352}.Release|Win32.Build.0 = Release|Win32
		{8B933D6E-BC1B-4242-B6A5-3EE346FEE352}.MinSizeRel|Win32.ActiveCfg = MinSizeRel|Win32
		{8B933D6E-BC1B-4242-B6A5-3EE346FEE352}.MinSizeRel|Win32.Build.0 = MinSizeRel|Win32
		{8B933D6E-BC1B-4242-B6A5-3EE346FEE352}.RelWithDebInfo|Win32.ActiveCfg = RelWithDebInfo|Win32
		{8B933D6E-BC1B-4242-B6A5-3EE346FEE352}.RelWithDebInfo|Win32.Build.0 = RelWithDebInfo|Win32
		{8861DB89-2FD0-4070-90CC-C232D9BCAB3D}.Debug|Win32.ActiveCfg = Debug|Win32
		{8861DB89-2FD0-4070-90CC-C232D9BCAB3D}.Debug|Win32.Build.0 = Debug|Win32
		{8861DB89-2FD0-4070-90CC-C232D9BCAB3D}.Release|Win32.ActiveCfg = Release|Win32
		{8861DB89-2FD0-4070-90CC-C232D9BCAB3D}.Release|Win32.Build.0 = Release|Win32
		{8861DB89-2FD0-4070-90CC-C232D9BCAB3D}.MinSizeRel|Win32.ActiveCfg = MinSizeRel|Win32
		{8861DB89-2FD0-4070-90CC-C232D9BCAB3D}.MinSizeRel|Win32.Build.0 = MinSizeRel|Win32
		{8861DB89-2FD0-4070-90CC-C232D9BCAB3D}.RelWithDebInfo|Win32.ActiveCfg = RelWithDebInfo|Win32
		{8861DB89-2FD0-4070-90CC-C232D9BCAB3D}.RelWithDebInfo|Win32.Build.0 = RelWithDebInfo|Win32
		{4961804F-059E-4DF2-9921-09E94D7AA271}.Debug|Win32.ActiveCfg = Debug|Win32
		{4961804F-059E-4DF2-9921-09E94D7AA271}.Debug|Win32.Build.0 = Debug|Win32
		{4961804F-059E-4DF2-9921-09E94D7AA271}.Release|Win32.ActiveCfg = Release|Win32
		{4961804F-059E-4DF2-9921-09E94D7AA271}.Release|Win32.Build.0 = Release|Win32
		{4961804F-059E-4DF2-9921-09E94D7AA271}.MinSizeRel|Win32.ActiveCfg = MinSizeRel|Win32
		{4961804F-059E-4DF2-9921-09E94D7AA271}.MinSizeRel|Win32.Build.0 = MinSizeRel|Win32
		{4961804F-059E-4DF2-9921-09E94D7AA271}.RelWithDebInfo|Win32.ActiveCfg = RelWithDebInfo|Win32
		{4961804F-059E-4DF2-9921-09E94D7AA271}.RelWithDebInfo|Win32.Build.0 = RelWithDebInfo|Win32
		{48FD96B9-103B-44D5-BFF0-1BE6F71C93AD}.Debug|Win32.ActiveCfg = Debug|Win32
		{48FD96B9-103B-44D5-BFF0-1BE6F71C93AD}.Debug|Win32.Build.0 = Debug|Win32
		{48FD96B9-103B-44D5-BFF0-1BE6F71C93AD}.Release|Win32.ActiveCfg = Release|Win32
		{48FD96B9-103B-44D5-BFF0-1BE6F71C93AD}.Release|Win32.Build.0 = Release|Win32
		{48FD96B9-103B-44D5-BFF0-1BE6F71C93AD}.MinSizeRel|Win32.ActiveCfg = MinSizeRel|Win32
		{48FD96B9-103B-44D5-BFF0-1BE6F71C93AD}.MinSizeRel|Win32.Build.0 = MinSizeRel|Win32
		{48FD96B9-103B-44D5-BFF0-1BE6F71C93AD}.RelWithDebInfo|Win32.ActiveCfg = RelWithDebInfo|Win32
		{48FD96B9-103B-44D5-BFF0-1BE6F71C93AD}.RelWithDebInfo|Win32.Build.0 = RelWithDebInfo|Win32
	EndGlobalSection
	GlobalSection(ExtensibilityGlobals) = postSolution
	EndGlobalSection
	GlobalSection(ExtensibilityAddIns) = postSolution
	EndGlobalSection
EndGlobal
